
Microsoft Visual Studio Solution File, Format Version 12.00
# Visual Studio Version 17
VisualStudioVersion = 17.6.33723.286
MinimumVisualStudioVersion = 10.0.40219.1
Project("{FAE04EC0-301F-11D3-BF4B-00C04F79EFBC}") = "SinemaOtomasyonu", "SinemaOtomasyonu\SinemaOtomasyonu.csproj", "{8EF7089B-6169-4899-9197-52CE7E24FD71}"
EndProject
Global
	GlobalSection(SolutionConfigurationPlatforms) = preSolution
		Debug|Any CPU = Debug|Any CPU
		Release|Any CPU = Release|Any CPU
	EndGlobalSection
	GlobalSection(ProjectConfigurationPlatforms) = postSolution
		{8EF7089B-6169-4899-9197-52CE7E24FD71}.Debug|Any CPU.ActiveCfg = Debug|Any CPU
		{8EF7089B-6169-4899-9197-52CE7E24FD71}.Debug|Any CPU.Build.0 = Debug|Any CPU
		{8EF7089B-6169-4899-9197-52CE7E24FD71}.Release|Any CPU.ActiveCfg = Release|Any CPU
		{8EF7089B-6169-4899-9197-52CE7E24FD71}.Release|Any CPU.Build.0 = Release|Any CPU
	EndGlobalSection
	GlobalSection(SolutionProperties) = preSolution
		HideSolutionNode = FALSE
	EndGlobalSection
	GlobalSection(ExtensibilityGlobals) = postSolution
		SolutionGuid = {047C3F90-171C-480C-9F9A-C88708952649}
	EndGlobalSection
EndGlobal
